
Microsoft Visual Studio Solution File, Format Version 12.00
# Visual Studio Version 16
VisualStudioVersion = 16.0.31729.503
MinimumVisualStudioVersion = 10.0.40219.1
Project("{FAE04EC0-301F-11D3-BF4B-00C04F79EFBC}") = "UL.TriangleCheck", "UL.TriangleCheck.csproj", "{88F02834-3A09-4DD7-916A-7962E4FD902C}"
EndProject
Project("{FAE04EC0-301F-11D3-BF4B-00C04F79EFBC}") = "TestTriangle", "..\TestTriangle\TestTriangle.csproj", "{E83A2663-7892-4F94-A76D-F674DCA191E9}"
EndProject
Project("{FAE04EC0-301F-11D3-BF4B-00C04F79EFBC}") = "UL.TriangleCheck.Test", "..\UL.TriangleCheck.Test\UL.TriangleCheck.Test.csproj", "{6A0301CF-57E1-454E-90F5-2566DA976093}"
EndProject
Global
	GlobalSection(SolutionConfigurationPlatforms) = preSolution
		Debug|Any CPU = Debug|Any CPU
		Release|Any CPU = Release|Any CPU
	EndGlobalSection
	GlobalSection(ProjectConfigurationPlatforms) = postSolution
		{88F02834-3A09-4DD7-916A-7962E4FD902C}.Debug|Any CPU.ActiveCfg = Debug|Any CPU
		{88F02834-3A09-4DD7-916A-7962E4FD902C}.Debug|Any CPU.Build.0 = Debug|Any CPU
		{88F02834-3A09-4DD7-916A-7962E4FD902C}.Release|Any CPU.ActiveCfg = Release|Any CPU
		{88F02834-3A09-4DD7-916A-7962E4FD902C}.Release|Any CPU.Build.0 = Release|Any CPU
		{E83A2663-7892-4F94-A76D-F674DCA191E9}.Debug|Any CPU.ActiveCfg = Debug|Any CPU
		{E83A2663-7892-4F94-A76D-F674DCA191E9}.Debug|Any CPU.Build.0 = Debug|Any CPU
		{E83A2663-7892-4F94-A76D-F674DCA191E9}.Release|Any CPU.ActiveCfg = Release|Any CPU
		{E83A2663-7892-4F94-A76D-F674DCA191E9}.Release|Any CPU.Build.0 = Release|Any CPU
		{6A0301CF-57E1-454E-90F5-2566DA976093}.Debug|Any CPU.ActiveCfg = Debug|Any CPU
		{6A0301CF-57E1-454E-90F5-2566DA976093}.Debug|Any CPU.Build.0 = Debug|Any CPU
		{6A0301CF-57E1-454E-90F5-2566DA976093}.Release|Any CPU.ActiveCfg = Release|Any CPU
		{6A0301CF-57E1-454E-90F5-2566DA976093}.Release|Any CPU.Build.0 = Release|Any CPU
	EndGlobalSection
	GlobalSection(SolutionProperties) = preSolution
		HideSolutionNode = FALSE
	EndGlobalSection
	GlobalSection(ExtensibilityGlobals) = postSolution
		SolutionGuid = {F299A694-E298-4F28-ACC5-3C487422AF95}
	EndGlobalSection
EndGlobal
